
Microsoft Visual Studio Solution File, Format Version 12.00
# Visual Studio 14
VisualStudioVersion = 14.0.23107.0
MinimumVisualStudioVersion = 10.0.40219.1
Project("{FAE04EC0-301F-11D3-BF4B-00C04F79EFBC}") = "lowestUniqueNumber", "lowestUniqueNumber.csproj", "{B0A30D37-4D77-468B-8CA2-E65214DE434A}"
EndProject
Global
	GlobalSection(SolutionConfigurationPlatforms) = preSolution
		Debug|Any CPU = Debug|Any CPU
		Release|Any CPU = Release|Any CPU
	EndGlobalSection
	GlobalSection(ProjectConfigurationPlatforms) = postSolution
		{B0A30D37-4D77-468B-8CA2-E65214DE434A}.Debug|Any CPU.ActiveCfg = Debug|Any CPU
		{B0A30D37-4D77-468B-8CA2-E65214DE434A}.Debug|Any CPU.Build.0 = Debug|Any CPU
		{B0A30D37-4D77-468B-8CA2-E65214DE434A}.Release|Any CPU.ActiveCfg = Release|Any CPU
		{B0A30D37-4D77-468B-8CA2-E65214DE434A}.Release|Any CPU.Build.0 = Release|Any CPU
	EndGlobalSection
	GlobalSection(SolutionProperties) = preSolution
		HideSolutionNode = FALSE
	EndGlobalSection
EndGlobal
