
Microsoft Visual Studio Solution File, Format Version 12.00
# Visual Studio 14
VisualStudioVersion = 14.0.23107.0
MinimumVisualStudioVersion = 10.0.40219.1
Project("{FAE04EC0-301F-11D3-BF4B-00C04F79EFBC}") = "longestLines_2ndattempt", "longestLines_2ndattempt.csproj", "{59E2D249-305C-44C9-A890-F00349A1DB20}"
EndProject
Global
	GlobalSection(SolutionConfigurationPlatforms) = preSolution
		Debug|Any CPU = Debug|Any CPU
		Release|Any CPU = Release|Any CPU
	EndGlobalSection
	GlobalSection(ProjectConfigurationPlatforms) = postSolution
		{59E2D249-305C-44C9-A890-F00349A1DB20}.Debug|Any CPU.ActiveCfg = Debug|Any CPU
		{59E2D249-305C-44C9-A890-F00349A1DB20}.Debug|Any CPU.Build.0 = Debug|Any CPU
		{59E2D249-305C-44C9-A890-F00349A1DB20}.Release|Any CPU.ActiveCfg = Release|Any CPU
		{59E2D249-305C-44C9-A890-F00349A1DB20}.Release|Any CPU.Build.0 = Release|Any CPU
	EndGlobalSection
	GlobalSection(SolutionProperties) = preSolution
		HideSolutionNode = FALSE
	EndGlobalSection
EndGlobal
