
Microsoft Visual Studio Solution File, Format Version 12.00
# Visual Studio 14
VisualStudioVersion = 14.0.23107.0
MinimumVisualStudioVersion = 10.0.40219.1
Project("{FAE04EC0-301F-11D3-BF4B-00C04F79EFBC}") = "codeeval_reversewords", "codeeval_reversewords\codeeval_reversewords.csproj", "{8A7B86EB-8E87-4109-9CC1-4ABA87CD6F4A}"
EndProject
Global
	GlobalSection(SolutionConfigurationPlatforms) = preSolution
		Debug|Any CPU = Debug|Any CPU
		Release|Any CPU = Release|Any CPU
	EndGlobalSection
	GlobalSection(ProjectConfigurationPlatforms) = postSolution
		{8A7B86EB-8E87-4109-9CC1-4ABA87CD6F4A}.Debug|Any CPU.ActiveCfg = Debug|Any CPU
		{8A7B86EB-8E87-4109-9CC1-4ABA87CD6F4A}.Debug|Any CPU.Build.0 = Debug|Any CPU
		{8A7B86EB-8E87-4109-9CC1-4ABA87CD6F4A}.Release|Any CPU.ActiveCfg = Release|Any CPU
		{8A7B86EB-8E87-4109-9CC1-4ABA87CD6F4A}.Release|Any CPU.Build.0 = Release|Any CPU
	EndGlobalSection
	GlobalSection(SolutionProperties) = preSolution
		HideSolutionNode = FALSE
	EndGlobalSection
EndGlobal
